PODS:
  - AMap2DMap (4.4.0):
    - AMapFoundation (~> 1.2)
  - AMapFoundation (1.3.2)
  - AMapLocation (2.2.0):
    - AMapFoundation (~> 1.3)
  - AMapSearch (4.4.0):
    - AMapFoundation (~> 1.2)
  - BEMCheckBox (1.2.1)
  - ChameleonFramework (2.1.0):
    - ChameleonFramework/Default (= 2.1.0)
  - ChameleonFramework/Default (2.1.0)
  - ChatDailyMain (0.1.0):
    - LKDBHelper
    - MGSwipeTableCell
  - CocoaLumberjack (3.0.0):
    - CocoaLumberjack/Default (= 3.0.0)
    - CocoaLumberjack/Extensions (= 3.0.0)
  - CocoaLumberjack/Core (3.0.0)
  - CocoaLumberjack/Default (3.0.0):
    - CocoaLumberjack/Core
  - CocoaLumberjack/Extensions (3.0.0):
    - CocoaLumberjack/Default
  - DACircularProgress (2.3.1)
  - DateTools (1.7.0)
  - DZAdjustFrame (0.2.5):
    - DZGeometryTools
  - DZAlertPool (0.1.0):
    - DZSinglonFactory
    - SVProgressHUD
  - DZAudio (0.1.1):
    - DZFileUtils
    - DZSinglonFactory
  - DZCache (1.0.9):
    - DZCDNFiles
    - DZGeometryTools
    - DZSinglonFactory
  - DZCDNFiles (1.0.2):
    - DZFileUtils
    - DZSinglonFactory
  - DZChatUI (0.1.0):
    - DZAdjustFrame
    - DZAlertPool
    - DZAudio
    - DZCache
    - DZGeometryTools
    - DZKeyboardAdjust
    - DZKeyboardManager
    - DZLogger
    - DZProgrameDefines
    - ElementKit
    - FLAnimatedImage
    - HexColors
    - MJRefresh
    - MRLogicInjection
    - TransitionKit
    - YHMapLocation
    - YYText
  - DZFileUtils (0.1.0)
  - DZFixImage (0.1.0)
  - DZGeometryTools (1.1.6)
  - DZKeyboardAdjust (0.1.0):
    - DZKeyboardManager
  - DZKeyboardManager (0.1.0)
  - DZLKDataBasePool (0.1.0):
    - DZFileUtils
    - LKDBHelper
    - MD5Digest
  - DZLogger (0.1.0):
    - CocoaLumberjack
  - DZObjectProxy (0.1.0)
  - DZProgrameDefines (1.0.2)
  - DZScene (0.1.0):
    - ElementKit
  - DZShyNavigationBar (0.1.0)
  - DZSinglonFactory (1.0.3)
  - DZURLRoute (0.2.0):
    - DZViewControllerLifeCircleAction
    - NSString-UrlEncode
  - DZViewControllerLifeCircleAction (0.1.0)
  - EKInputExtention (0.1.0):
    - BEMCheckBox
    - DZGeometryTools
    - DZProgrameDefines
    - ElementKit
    - MD5Digest
    - MWPhotoBrowser
    - RSKImageCropper
    - StyleSheet
    - SZTextView
  - ElementKit (0.1.0)
  - FLAnimatedImage (1.0.12)
  - FMDB (2.6.2):
    - FMDB/standard (= 2.6.2)
  - FMDB/standard (2.6.2)
  - HexColors (4.0.0)
  - LKDBHelper (2.4):
    - FMDB
  - MBProgressHUD (0.9.2)
  - MD5Digest (1.1.0)
  - MGSwipeTableCell (1.5.6)
  - MJRefresh (3.1.12)
  - MRLogicInjection (0.1.0)
  - MWPhotoBrowser (2.1.2):
    - DACircularProgress (~> 2.3)
    - MBProgressHUD (~> 0.9)
    - SDWebImage (!= 3.7.2, ~> 3.7)
  - NSString-UrlEncode (2.1.0)
  - QBPopupMenu (2.0)
  - RSKImageCropper (1.5.1)
  - SDWebImage (3.8.2):
    - SDWebImage/Core (= 3.8.2)
  - SDWebImage/Core (3.8.2)
  - StyleSheet (0.1.5)
  - SVProgressHUD (2.0.4)
  - SZTextView (1.2.2)
  - TransitionKit (2.2.1)
  - YHMapLocation (0.1.0):
    - AMap2DMap
    - AMapLocation
    - AMapSearch
    - DZAlertPool
    - DZCache
    - DZGeometryTools
    - DZLogger
    - DZProgrameDefines
    - ElementKit
  - YYModel (1.0.4)
  - YYText (1.0.5)

DEPENDENCIES:
  - ChameleonFramework
  - ChatDailyMain (from `../Bizs/ChatDailyMain`)
  - DateTools
  - DZAdjustFrame (from `../Libs/DZAdjustFrame`)
  - DZAlertPool (from `../Libs/DZAlertPool`)
  - DZAudio (from `../Libs/DZAudio`)
  - DZCache (from `../Libs/DZCache`)
  - DZCDNFiles (from `../Libs/DZCDNFiles`)
  - DZChatUI (from `../Libs/DZChatUI`)
  - DZFileUtils (from `../Libs/DZFileUtils`)
  - DZFixImage (from `../Libs/DZFixImage`)
  - DZKeyboardAdjust (from `../Libs/DZKeyboardAdjust`)
  - DZKeyboardManager (from `../Libs/DZKeyboardManager`)
  - DZLKDataBasePool (from `../Libs/DZLKDataBasePool`)
  - DZLogger (from `../Libs/DZLogger`)
  - DZObjectProxy (from `../Libs/DZObjectProxy`)
  - DZProgrameDefines (from `../Libs/DZProgrameDefines`)
  - DZScene (from `../Libs/DZScene`)
  - DZShyNavigationBar (from `../Libs/DZShyNavigationBar`)
  - DZURLRoute (from `../Libs/DZURLRoute`)
  - DZViewControllerLifeCircleAction (from `../Libs/DZViewControllerLifeCircleAction`)
  - EKInputExtention (from `../Libs/EKInputExtention`)
  - ElementKit (from `../Libs/ElementKit`)
  - MRLogicInjection (from `../Libs/MRLogicInjection`)
  - MWPhotoBrowser (from `../Libs/MWPhotoBrowser`)
  - QBPopupMenu
  - StyleSheet (from `../Libs/StyleSheet`)
  - YHMapLocation (from `../Libs/YHMapLocation`)
  - YYModel
  - YYText (from `../Libs/YYText`)

EXTERNAL SOURCES:
  ChatDailyMain:
    :path: "../Bizs/ChatDailyMain"
  DZAdjustFrame:
    :path: "../Libs/DZAdjustFrame"
  DZAlertPool:
    :path: "../Libs/DZAlertPool"
  DZAudio:
    :path: "../Libs/DZAudio"
  DZCache:
    :path: "../Libs/DZCache"
  DZCDNFiles:
    :path: "../Libs/DZCDNFiles"
  DZChatUI:
    :path: "../Libs/DZChatUI"
  DZFileUtils:
    :path: "../Libs/DZFileUtils"
  DZFixImage:
    :path: "../Libs/DZFixImage"
  DZKeyboardAdjust:
    :path: "../Libs/DZKeyboardAdjust"
  DZKeyboardManager:
    :path: "../Libs/DZKeyboardManager"
  DZLKDataBasePool:
    :path: "../Libs/DZLKDataBasePool"
  DZLogger:
    :path: "../Libs/DZLogger"
  DZObjectProxy:
    :path: "../Libs/DZObjectProxy"
  DZProgrameDefines:
    :path: "../Libs/DZProgrameDefines"
  DZScene:
    :path: "../Libs/DZScene"
  DZShyNavigationBar:
    :path: "../Libs/DZShyNavigationBar"
  DZURLRoute:
    :path: "../Libs/DZURLRoute"
  DZViewControllerLifeCircleAction:
    :path: "../Libs/DZViewControllerLifeCircleAction"
  EKInputExtention:
    :path: "../Libs/EKInputExtention"
  ElementKit:
    :path: "../Libs/ElementKit"
  MRLogicInjection:
    :path: "../Libs/MRLogicInjection"
  MWPhotoBrowser:
    :path: "../Libs/MWPhotoBrowser"
  StyleSheet:
    :path: "../Libs/StyleSheet"
  YHMapLocation:
    :path: "../Libs/YHMapLocation"
  YYText:
    :path: "../Libs/YYText"

SPEC CHECKSUMS:
  AMap2DMap: 5e310b546e93776462cf5a561cc74bafd6acee58
  AMapFoundation: 843dc27b2c02bc0bc2ef3346bb3dd0456cf64dbb
  AMapLocation: 3f2005c6dec6a7a1107258d0cde43b9d7399d217
  AMapSearch: a6c7c83905dbe12aa059c7ff83cb0726cb4fc32f
  BEMCheckBox: 264b8b72aa92adbfefa265cc58a0cdb86b207b9f
  ChameleonFramework: d21a3cc247abfe5e37609a283a8238b03575cf64
  ChatDailyMain: 5e522912d9f6943fa0241a65fe2442e239c40996
  CocoaLumberjack: c823149bccc5519a9447aeb433be7b1212a7d6a5
  DACircularProgress: 4dd437c0fc3da5161cb289e07ac449493d41db71
  DateTools: 53288ee8b905fdc75897a1e6b5cc0144b14cba60
  DZAdjustFrame: 9f6bec77a35012eab390a0593e47ef669bdf6324
  DZAlertPool: 0cc9e18d3cf600330d87eb61c408c449b9a445e0
  DZAudio: 83560c9c0a1ed0620bad7d4c66c2c216ce2ecb47
  DZCache: bcde4d5cb0c4ef38ead41fca6a57288d9bd42359
  DZCDNFiles: 2f87caddd8d6eeb95664134bef1993f445bf782d
  DZChatUI: 9009ed3f248ddffd43d907c0cffc74471aa540ed
  DZFileUtils: 91c595fb82e76de73616bf9e59d2b03ff44242a7
  DZFixImage: fb83ed495132160b090d94e3ddacad4e69345193
  DZGeometryTools: 969b4767d6121644b7b68f58309af1f54645419f
  DZKeyboardAdjust: b3b20e2f50997bfb993da474069d223544aa085a
  DZKeyboardManager: bb3f715c0e2b2dd89a077f2a92720da35ea2bd10
  DZLKDataBasePool: ad15410c16af5293c35e9772e7adb544377c8dd9
  DZLogger: ca52fa19cb59a6b282468deb0e76832081c3e512
  DZObjectProxy: b6dfa6cca2b2fe1f90e9ad8a470bb8ae815788c1
  DZProgrameDefines: 289bf6de05dd26c8fc3ee63184941a6af234ad60
  DZScene: b7ef5819da7620de0d283b1efd34829e3eab8eb5
  DZShyNavigationBar: 4a8f9b5789470f2df067c335a5a42dc339dfd5ed
  DZSinglonFactory: c6c1e41f7688a9112a3a6b69fc246ea3a1180aed
  DZURLRoute: fca1bbb98c236fe6ff1dd682d522f3cb82d13220
  DZViewControllerLifeCircleAction: ea2ee041ace05e198c7712a94240e1c376cd77ae
  EKInputExtention: a604ef066fcfbac265de884159b6edc19a3f070e
  ElementKit: 483a24babbe54279993e9008ba319eb79e8e6ef8
  FLAnimatedImage: 4a0b56255d9b05f18b6dd7ee06871be5d3b89e31
  FMDB: 854a0341b4726e53276f2a8996f06f1b80f9259a
  HexColors: 5f95843ef89aff6a72e1fd3a8ebabf205cc43379
  LKDBHelper: 1162892ca4ffc28029070d6f40f57b333133f1c4
  MBProgressHUD: 1569cf7ace17a8bac47aabfbb8580a49690386d1
  MD5Digest: fea371215507cfcdc3c9633d02cffc7fd075ebc3
  MGSwipeTableCell: 616700eb0ffd1c611ba909066cb7fd739790a0a7
  MJRefresh: b96cdb21c4aa75a7b07654311ab2f315c497e806
  MRLogicInjection: 5d514d80f9a6c72bbe29fbda8af2db72fbb746ce
  MWPhotoBrowser: 5836d7aa041dc05a13de380c246826578adc5ea5
  NSString-UrlEncode: 92dcb01cac33ef036cda76baf0e4378b18779e47
  QBPopupMenu: e370cbc7ad8a8d09afe1726117aa18f92696f66a
  RSKImageCropper: edd65fedb3734332818deb139906d6b7f54b8a44
  SDWebImage: 098e97e6176540799c27e804c96653ee0833d13c
  StyleSheet: 4bd20fed26488f27abcfc18225384b1c4125a551
  SVProgressHUD: bfde85ed6c573ea802b9cb37894ed9b629034f1b
  SZTextView: 3a81174dce0710a9ab069bc73a813e6df53b9c82
  TransitionKit: 9ceccda4cd0cdc0a05ef85eb235e5a3292c3c250
  YHMapLocation: 64e62378e4024a2687a0c671ec7096a5e98b1d11
  YYModel: 2a7fdd96aaa4b86a824e26d0c517de8928c04b30
  YYText: ac09660c9ccd9b817f409a20caa6f5587444d2ae

PODFILE CHECKSUM: 452445dc1045c06101b8c2946137563700e55d28

COCOAPODS: 1.1.1
