PODS:
  - ChameleonFramework (2.1.0):
    - ChameleonFramework/Default (= 2.1.0)
  - ChameleonFramework/Default (2.1.0)
  - CTFeedback (1.1.1)
  - DateTools (1.7.0)
  - QBPopupMenu (2.0)
  - YYModel (1.0.4)

DEPENDENCIES:
  - ChameleonFramework
  - CTFeedback
  - DateTools
  - QBPopupMenu
  - YYModel

SPEC CHECKSUMS:
  ChameleonFramework: d21a3cc247abfe5e37609a283a8238b03575cf64
  CTFeedback: 6f128606e0d26d46075c3fa9fc33884372df8675
  DateTools: 53288ee8b905fdc75897a1e6b5cc0144b14cba60
  QBPopupMenu: e370cbc7ad8a8d09afe1726117aa18f92696f66a
  YYModel: 2a7fdd96aaa4b86a824e26d0c517de8928c04b30

PODFILE CHECKSUM: a8a895bb1ac53e7c877381f97af66d1f5a84ab4a

COCOAPODS: 1.1.1
